
Microsoft Visual Studio Solution File, Format Version 12.00
# Visual Studio Version 17
VisualStudioVersion = 17.5.33414.496
MinimumVisualStudioVersion = 10.0.40219.1
Project("{9A19103F-16F7-4668-BE54-9A1E7A4F7556}") = "Infrastructure.Data", "Infrastructure.Data.csproj", "{AC847E6F-7BF7-4351-A84A-7017550E79DF}"
EndProject
Global
	GlobalSection(SolutionConfigurationPlatforms) = preSolution
		Debug|Any CPU = Debug|Any CPU
		Release|Any CPU = Release|Any CPU
	EndGlobalSection
	GlobalSection(ProjectConfigurationPlatforms) = postSolution
		{AC847E6F-7BF7-4351-A84A-7017550E79DF}.Debug|Any CPU.ActiveCfg = Debug|Any CPU
		{AC847E6F-7BF7-4351-A84A-7017550E79DF}.Debug|Any CPU.Build.0 = Debug|Any CPU
		{AC847E6F-7BF7-4351-A84A-7017550E79DF}.Release|Any CPU.ActiveCfg = Release|Any CPU
		{AC847E6F-7BF7-4351-A84A-7017550E79DF}.Release|Any CPU.Build.0 = Release|Any CPU
	EndGlobalSection
	GlobalSection(SolutionProperties) = preSolution
		HideSolutionNode = FALSE
	EndGlobalSection
	GlobalSection(ExtensibilityGlobals) = postSolution
		SolutionGuid = {1AA539FD-DA26-4857-83C0-BC20553ED6CB}
	EndGlobalSection
EndGlobal
